
Microsoft Visual Studio Solution File, Format Version 12.00
# Visual Studio Version 16
VisualStudioVersion = 16.0.29806.167
MinimumVisualStudioVersion = 10.0.40219.1
Project("{FAE04EC0-301F-11D3-BF4B-00C04F79EFBC}") = "App1", "App1.csproj", "{964C9C0A-1191-4349-89F4-C0D4FE134683}"
EndProject
Global
	GlobalSection(SolutionConfigurationPlatforms) = preSolution
		Debug|Any CPU = Debug|Any CPU
		Release|Any CPU = Release|Any CPU
	EndGlobalSection
	GlobalSection(ProjectConfigurationPlatforms) = postSolution
		{964C9C0A-1191-4349-89F4-C0D4FE134683}.Debug|Any CPU.ActiveCfg = Debug|Any CPU
		{964C9C0A-1191-4349-89F4-C0D4FE134683}.Debug|Any CPU.Build.0 = Debug|Any CPU
		{964C9C0A-1191-4349-89F4-C0D4FE134683}.Debug|Any CPU.Deploy.0 = Debug|Any CPU
		{964C9C0A-1191-4349-89F4-C0D4FE134683}.Release|Any CPU.ActiveCfg = Release|Any CPU
		{964C9C0A-1191-4349-89F4-C0D4FE134683}.Release|Any CPU.Build.0 = Release|Any CPU
		{964C9C0A-1191-4349-89F4-C0D4FE134683}.Release|Any CPU.Deploy.0 = Release|Any CPU
	EndGlobalSection
	GlobalSection(SolutionProperties) = preSolution
		HideSolutionNode = FALSE
	EndGlobalSection
	GlobalSection(ExtensibilityGlobals) = postSolution
		SolutionGuid = {F84B2944-9C4F-4A22-A766-E4BB123376D4}
	EndGlobalSection
EndGlobal
